
Microsoft Visual Studio Solution File, Format Version 12.00
# Visual Studio 15
VisualStudioVersion = 15.0.27130.2010
MinimumVisualStudioVersion = 10.0.40219.1
Project("{FAE04EC0-301F-11D3-BF4B-00C04F79EFBC}") = "SOD", "HSBOD\SOD.csproj", "{E85E9C88-36D0-4EB3-AEE4-C8754F240715}"
EndProject
Global
	GlobalSection(SolutionConfigurationPlatforms) = preSolution
		Debug|Any CPU = Debug|Any CPU
		Release|Any CPU = Release|Any CPU
	EndGlobalSection
	GlobalSection(ProjectConfigurationPlatforms) = postSolution
		{E85E9C88-36D0-4EB3-AEE4-C8754F240715}.Debug|Any CPU.ActiveCfg = Debug|Any CPU
		{E85E9C88-36D0-4EB3-AEE4-C8754F240715}.Debug|Any CPU.Build.0 = Debug|Any CPU
		{E85E9C88-36D0-4EB3-AEE4-C8754F240715}.Release|Any CPU.ActiveCfg = Release|Any CPU
		{E85E9C88-36D0-4EB3-AEE4-C8754F240715}.Release|Any CPU.Build.0 = Release|Any CPU
	EndGlobalSection
	GlobalSection(SolutionProperties) = preSolution
		HideSolutionNode = FALSE
	EndGlobalSection
	GlobalSection(ExtensibilityGlobals) = postSolution
		SolutionGuid = {5CDEC645-B587-4F16-893F-C9DF71FCF87E}
	EndGlobalSection
EndGlobal
